
Microsoft Visual Studio Solution File, Format Version 12.00
# Visual Studio Version 17
VisualStudioVersion = 17.5.33627.172
MinimumVisualStudioVersion = 10.0.40219.1
Project("{9A19103F-16F7-4668-BE54-9A1E7A4F7556}") = "FigureArea", "src\FigureAreaCalculator\FigureArea.csproj", "{C5B31F87-A1D2-4348-95D9-36B28758D3CC}"
EndProject
Project("{9A19103F-16F7-4668-BE54-9A1E7A4F7556}") = "FigureAreaCalculatorTests", "src\FigureAreaCalculatorTests\FigureAreaCalculatorTests.csproj", "{A085F743-1C7F-48A5-A122-0D42E117E13A}"
EndProject
Global
	GlobalSection(SolutionConfigurationPlatforms) = preSolution
		Debug|Any CPU = Debug|Any CPU
		Release|Any CPU = Release|Any CPU
	EndGlobalSection
	GlobalSection(ProjectConfigurationPlatforms) = postSolution
		{C5B31F87-A1D2-4348-95D9-36B28758D3CC}.Debug|Any CPU.ActiveCfg = Debug|Any CPU
		{C5B31F87-A1D2-4348-95D9-36B28758D3CC}.Debug|Any CPU.Build.0 = Debug|Any CPU
		{C5B31F87-A1D2-4348-95D9-36B28758D3CC}.Release|Any CPU.ActiveCfg = Release|Any CPU
		{C5B31F87-A1D2-4348-95D9-36B28758D3CC}.Release|Any CPU.Build.0 = Release|Any CPU
		{A085F743-1C7F-48A5-A122-0D42E117E13A}.Debug|Any CPU.ActiveCfg = Debug|Any CPU
		{A085F743-1C7F-48A5-A122-0D42E117E13A}.Debug|Any CPU.Build.0 = Debug|Any CPU
		{A085F743-1C7F-48A5-A122-0D42E117E13A}.Release|Any CPU.ActiveCfg = Release|Any CPU
		{A085F743-1C7F-48A5-A122-0D42E117E13A}.Release|Any CPU.Build.0 = Release|Any CPU
	EndGlobalSection
	GlobalSection(SolutionProperties) = preSolution
		HideSolutionNode = FALSE
	EndGlobalSection
	GlobalSection(ExtensibilityGlobals) = postSolution
		SolutionGuid = {01AA1C48-6592-431F-AA45-2119B6A93156}
	EndGlobalSection
EndGlobal
